
Microsoft Visual Studio Solution File, Format Version 12.00
Project("{FAE04EC0-301F-11D3-BF4B-00C04F79EFBC}") = "ChristmasAPI", "ChristmasAPI\ChristmasAPI.csproj", "{62F360CA-BC00-450B-A1BA-D2FA3ECE95FC}"
EndProject
Global
	GlobalSection(SolutionConfigurationPlatforms) = preSolution
		Debug|Any CPU = Debug|Any CPU
	EndGlobalSection
	GlobalSection(ProjectConfigurationPlatforms) = postSolution
		{62F360CA-BC00-450B-A1BA-D2FA3ECE95FC}.Debug|Any CPU.ActiveCfg = Debug|Any CPU
		{62F360CA-BC00-450B-A1BA-D2FA3ECE95FC}.Debug|Any CPU.Build.0 = Debug|Any CPU
	EndGlobalSection
EndGlobal
